
Microsoft Visual Studio Solution File, Format Version 12.00
# Visual Studio 15
VisualStudioVersion = 15.0.28307.1000
MinimumVisualStudioVersion = 10.0.40219.1
Project("{FAE04EC0-301F-11D3-BF4B-00C04F79EFBC}") = "UserLogin", "UserLogin\UserLogin.csproj", "{FF084100-6147-4834-B378-B3115AE0E98A}"
EndProject
Project("{FAE04EC0-301F-11D3-BF4B-00C04F79EFBC}") = "StudentInfoSystem", "StudentInfoSystem\StudentInfoSystem.csproj", "{B6B6253D-AF9B-451A-8366-F2D507F7F501}"
EndProject
Project("{FAE04EC0-301F-11D3-BF4B-00C04F79EFBC}") = "WPFhello", "WPFhello\WPFhello.csproj", "{3CD675D8-E8E8-4994-8E56-9D30EC959513}"
EndProject
Project("{FAE04EC0-301F-11D3-BF4B-00C04F79EFBC}") = "ExpensesIt", "ExpensesIt\ExpensesIt.csproj", "{2D0C7D52-BE51-4E29-A9C8-6155CA6963E4}"
EndProject
Global
	GlobalSection(SolutionConfigurationPlatforms) = preSolution
		Debug|Any CPU = Debug|Any CPU
		Release|Any CPU = Release|Any CPU
	EndGlobalSection
	GlobalSection(ProjectConfigurationPlatforms) = postSolution
		{FF084100-6147-4834-B378-B3115AE0E98A}.Debug|Any CPU.ActiveCfg = Debug|Any CPU
		{FF084100-6147-4834-B378-B3115AE0E98A}.Debug|Any CPU.Build.0 = Debug|Any CPU
		{FF084100-6147-4834-B378-B3115AE0E98A}.Release|Any CPU.ActiveCfg = Release|Any CPU
		{FF084100-6147-4834-B378-B3115AE0E98A}.Release|Any CPU.Build.0 = Release|Any CPU
		{B6B6253D-AF9B-451A-8366-F2D507F7F501}.Debug|Any CPU.ActiveCfg = Debug|Any CPU
		{B6B6253D-AF9B-451A-8366-F2D507F7F501}.Debug|Any CPU.Build.0 = Debug|Any CPU
		{B6B6253D-AF9B-451A-8366-F2D507F7F501}.Release|Any CPU.ActiveCfg = Release|Any CPU
		{B6B6253D-AF9B-451A-8366-F2D507F7F501}.Release|Any CPU.Build.0 = Release|Any CPU
		{3CD675D8-E8E8-4994-8E56-9D30EC959513}.Debug|Any CPU.ActiveCfg = Debug|Any CPU
		{3CD675D8-E8E8-4994-8E56-9D30EC959513}.Debug|Any CPU.Build.0 = Debug|Any CPU
		{3CD675D8-E8E8-4994-8E56-9D30EC959513}.Release|Any CPU.ActiveCfg = Release|Any CPU
		{3CD675D8-E8E8-4994-8E56-9D30EC959513}.Release|Any CPU.Build.0 = Release|Any CPU
		{2D0C7D52-BE51-4E29-A9C8-6155CA6963E4}.Debug|Any CPU.ActiveCfg = Debug|Any CPU
		{2D0C7D52-BE51-4E29-A9C8-6155CA6963E4}.Debug|Any CPU.Build.0 = Debug|Any CPU
		{2D0C7D52-BE51-4E29-A9C8-6155CA6963E4}.Release|Any CPU.ActiveCfg = Release|Any CPU
		{2D0C7D52-BE51-4E29-A9C8-6155CA6963E4}.Release|Any CPU.Build.0 = Release|Any CPU
	EndGlobalSection
	GlobalSection(SolutionProperties) = preSolution
		HideSolutionNode = FALSE
	EndGlobalSection
	GlobalSection(ExtensibilityGlobals) = postSolution
		SolutionGuid = {74702A5B-0E00-4916-8866-3B2EC9F73CEC}
	EndGlobalSection
EndGlobal
